
Microsoft Visual Studio Solution File, Format Version 12.00
# Visual Studio Version 17
VisualStudioVersion = 17.7.34031.279
MinimumVisualStudioVersion = 10.0.40219.1
Project("{FAE04EC0-301F-11D3-BF4B-00C04F79EFBC}") = "QL_BanHang", "QL_BanHang.csproj", "{68BEC374-69D9-426B-8155-ED570C19620F}"
EndProject
Global
	GlobalSection(SolutionConfigurationPlatforms) = preSolution
		Debug|x86 = Debug|x86
		Release|x86 = Release|x86
	EndGlobalSection
	GlobalSection(ProjectConfigurationPlatforms) = postSolution
		{68BEC374-69D9-426B-8155-ED570C19620F}.Debug|x86.ActiveCfg = Debug|x86
		{68BEC374-69D9-426B-8155-ED570C19620F}.Debug|x86.Build.0 = Debug|x86
		{68BEC374-69D9-426B-8155-ED570C19620F}.Release|x86.ActiveCfg = Release|x86
		{68BEC374-69D9-426B-8155-ED570C19620F}.Release|x86.Build.0 = Release|x86
	EndGlobalSection
	GlobalSection(SolutionProperties) = preSolution
		HideSolutionNode = FALSE
	EndGlobalSection
	GlobalSection(ExtensibilityGlobals) = postSolution
		SolutionGuid = {2721AFEB-0000-4DD5-86B4-73EE0A49BF66}
	EndGlobalSection
EndGlobal
